
Microsoft Visual Studio Solution File, Format Version 12.00
# Visual Studio 2013
VisualStudioVersion = 12.0.30501.0
MinimumVisualStudioVersion = 10.0.40219.1
Project("{FAE04EC0-301F-11D3-BF4B-00C04F79EFBC}") = "Angulo", "Angulo\Angulo.csproj", "{89D5C683-A649-41AC-8366-A8B4E50E06BE}"
EndProject
Project("{FAE04EC0-301F-11D3-BF4B-00C04F79EFBC}") = "Angulo.Tests", "Angulo.Tests\Angulo.Tests.csproj", "{756FE4D6-6923-4B88-B80D-116FFA0B882C}"
EndProject
Project("{2150E333-8FDC-42A3-9474-1A3956D46DE8}") = "PublishScripts", "PublishScripts", "{5840080B-A9C2-42D6-8F81-F2BBBD316248}"
	ProjectSection(SolutionItems) = preProject
		PublishScripts\AzureWebsitePublishModule.psm1 = PublishScripts\AzureWebsitePublishModule.psm1
		PublishScripts\Publish-WebApplicationWebsite.ps1 = PublishScripts\Publish-WebApplicationWebsite.ps1
	EndProjectSection
EndProject
Project("{2150E333-8FDC-42A3-9474-1A3956D46DE8}") = "Configurations", "Configurations", "{76015E90-A443-4B2D-97A7-1E047902EA08}"
	ProjectSection(SolutionItems) = preProject
		PublishScripts\Configurations\Angulo-WAWS-dev.json = PublishScripts\Configurations\Angulo-WAWS-dev.json
	EndProjectSection
EndProject
Global
	GlobalSection(SolutionConfigurationPlatforms) = preSolution
		Debug|Any CPU = Debug|Any CPU
		Release|Any CPU = Release|Any CPU
	EndGlobalSection
	GlobalSection(ProjectConfigurationPlatforms) = postSolution
		{89D5C683-A649-41AC-8366-A8B4E50E06BE}.Debug|Any CPU.ActiveCfg = Debug|Any CPU
		{89D5C683-A649-41AC-8366-A8B4E50E06BE}.Debug|Any CPU.Build.0 = Debug|Any CPU
		{89D5C683-A649-41AC-8366-A8B4E50E06BE}.Release|Any CPU.ActiveCfg = Release|Any CPU
		{89D5C683-A649-41AC-8366-A8B4E50E06BE}.Release|Any CPU.Build.0 = Release|Any CPU
		{756FE4D6-6923-4B88-B80D-116FFA0B882C}.Debug|Any CPU.ActiveCfg = Debug|Any CPU
		{756FE4D6-6923-4B88-B80D-116FFA0B882C}.Debug|Any CPU.Build.0 = Debug|Any CPU
		{756FE4D6-6923-4B88-B80D-116FFA0B882C}.Release|Any CPU.ActiveCfg = Release|Any CPU
		{756FE4D6-6923-4B88-B80D-116FFA0B882C}.Release|Any CPU.Build.0 = Release|Any CPU
	EndGlobalSection
	GlobalSection(SolutionProperties) = preSolution
		HideSolutionNode = FALSE
	EndGlobalSection
	GlobalSection(NestedProjects) = preSolution
		{76015E90-A443-4B2D-97A7-1E047902EA08} = {5840080B-A9C2-42D6-8F81-F2BBBD316248}
	EndGlobalSection
EndGlobal
